
Microsoft Visual Studio Solution File, Format Version 12.00
# Visual Studio 15
VisualStudioVersion = 15.0.27703.2035
MinimumVisualStudioVersion = 10.0.40219.1
Project("{FAE04EC0-301F-11D3-BF4B-00C04F79EFBC}") = "Injecter", "Injecter\Injecter.csproj", "{8ED18247-7516-49D0-BF44-E3EF3E15F69B}"
	ProjectSection(ProjectDependencies) = postProject
		{FBEEC016-48A9-4F6C-9301-FB86CDCBDB91} = {FBEEC016-48A9-4F6C-9301-FB86CDCBDB91}
		{7D5AA958-1A12-4522-9A93-F7F7A080A143} = {7D5AA958-1A12-4522-9A93-F7F7A080A143}
		{BF8B8999-9ABB-4F4D-BD85-2D3B3B035189} = {BF8B8999-9ABB-4F4D-BD85-2D3B3B035189}
	EndProjectSection
EndProject
Project("{8BC9CEB8-8B4A-11D0-8D11-00A0C91BC942}") = "LibraryPlusPlus", "LibraryPlusPlus\LibraryPlusPlus.vcxproj", "{FBEEC016-48A9-4F6C-9301-FB86CDCBDB91}"
EndProject
Project("{FAE04EC0-301F-11D3-BF4B-00C04F79EFBC}") = "LibrarySharp", "LibrarySharp\LibrarySharp.csproj", "{7D5AA958-1A12-4522-9A93-F7F7A080A143}"
EndProject
Project("{FAE04EC0-301F-11D3-BF4B-00C04F79EFBC}") = "Example", "Example\Example.csproj", "{BF8B8999-9ABB-4F4D-BD85-2D3B3B035189}"
EndProject
Global
	GlobalSection(SolutionConfigurationPlatforms) = preSolution
		Debug|Any CPU = Debug|Any CPU
		Debug|x64 = Debug|x64
		Debug|x86 = Debug|x86
		Release|Any CPU = Release|Any CPU
		Release|x64 = Release|x64
		Release|x86 = Release|x86
	EndGlobalSection
	GlobalSection(ProjectConfigurationPlatforms) = postSolution
		{8ED18247-7516-49D0-BF44-E3EF3E15F69B}.Debug|Any CPU.ActiveCfg = Debug|Any CPU
		{8ED18247-7516-49D0-BF44-E3EF3E15F69B}.Debug|Any CPU.Build.0 = Debug|Any CPU
		{8ED18247-7516-49D0-BF44-E3EF3E15F69B}.Debug|x64.ActiveCfg = Debug|Any CPU
		{8ED18247-7516-49D0-BF44-E3EF3E15F69B}.Debug|x64.Build.0 = Debug|Any CPU
		{8ED18247-7516-49D0-BF44-E3EF3E15F69B}.Debug|x86.ActiveCfg = Debug|Any CPU
		{8ED18247-7516-49D0-BF44-E3EF3E15F69B}.Debug|x86.Build.0 = Debug|Any CPU
		{8ED18247-7516-49D0-BF44-E3EF3E15F69B}.Release|Any CPU.ActiveCfg = Release|Any CPU
		{8ED18247-7516-49D0-BF44-E3EF3E15F69B}.Release|Any CPU.Build.0 = Release|Any CPU
		{8ED18247-7516-49D0-BF44-E3EF3E15F69B}.Release|x64.ActiveCfg = Release|Any CPU
		{8ED18247-7516-49D0-BF44-E3EF3E15F69B}.Release|x64.Build.0 = Release|Any CPU
		{8ED18247-7516-49D0-BF44-E3EF3E15F69B}.Release|x86.ActiveCfg = Release|Any CPU
		{8ED18247-7516-49D0-BF44-E3EF3E15F69B}.Release|x86.Build.0 = Release|Any CPU
		{FBEEC016-48A9-4F6C-9301-FB86CDCBDB91}.Debug|Any CPU.ActiveCfg = Debug|Win32
		{FBEEC016-48A9-4F6C-9301-FB86CDCBDB91}.Debug|x64.ActiveCfg = Debug|x64
		{FBEEC016-48A9-4F6C-9301-FB86CDCBDB91}.Debug|x64.Build.0 = Debug|x64
		{FBEEC016-48A9-4F6C-9301-FB86CDCBDB91}.Debug|x86.ActiveCfg = Debug|Win32
		{FBEEC016-48A9-4F6C-9301-FB86CDCBDB91}.Debug|x86.Build.0 = Debug|Win32
		{FBEEC016-48A9-4F6C-9301-FB86CDCBDB91}.Release|Any CPU.ActiveCfg = Release|Win32
		{FBEEC016-48A9-4F6C-9301-FB86CDCBDB91}.Release|x64.ActiveCfg = Release|x64
		{FBEEC016-48A9-4F6C-9301-FB86CDCBDB91}.Release|x64.Build.0 = Release|x64
		{FBEEC016-48A9-4F6C-9301-FB86CDCBDB91}.Release|x86.ActiveCfg = Release|Win32
		{FBEEC016-48A9-4F6C-9301-FB86CDCBDB91}.Release|x86.Build.0 = Release|Win32
		{7D5AA958-1A12-4522-9A93-F7F7A080A143}.Debug|Any CPU.ActiveCfg = Debug|Any CPU
		{7D5AA958-1A12-4522-9A93-F7F7A080A143}.Debug|Any CPU.Build.0 = Debug|Any CPU
		{7D5AA958-1A12-4522-9A93-F7F7A080A143}.Debug|x64.ActiveCfg = Debug|Any CPU
		{7D5AA958-1A12-4522-9A93-F7F7A080A143}.Debug|x64.Build.0 = Debug|Any CPU
		{7D5AA958-1A12-4522-9A93-F7F7A080A143}.Debug|x86.ActiveCfg = Debug|Any CPU
		{7D5AA958-1A12-4522-9A93-F7F7A080A143}.Debug|x86.Build.0 = Debug|Any CPU
		{7D5AA958-1A12-4522-9A93-F7F7A080A143}.Release|Any CPU.ActiveCfg = Release|Any CPU
		{7D5AA958-1A12-4522-9A93-F7F7A080A143}.Release|Any CPU.Build.0 = Release|Any CPU
		{7D5AA958-1A12-4522-9A93-F7F7A080A143}.Release|x64.ActiveCfg = Release|Any CPU
		{7D5AA958-1A12-4522-9A93-F7F7A080A143}.Release|x64.Build.0 = Release|Any CPU
		{7D5AA958-1A12-4522-9A93-F7F7A080A143}.Release|x86.ActiveCfg = Release|Any CPU
		{7D5AA958-1A12-4522-9A93-F7F7A080A143}.Release|x86.Build.0 = Release|Any CPU
		{BF8B8999-9ABB-4F4D-BD85-2D3B3B035189}.Debug|Any CPU.ActiveCfg = Debug|Any CPU
		{BF8B8999-9ABB-4F4D-BD85-2D3B3B035189}.Debug|Any CPU.Build.0 = Debug|Any CPU
		{BF8B8999-9ABB-4F4D-BD85-2D3B3B035189}.Debug|x64.ActiveCfg = Debug|Any CPU
		{BF8B8999-9ABB-4F4D-BD85-2D3B3B035189}.Debug|x64.Build.0 = Debug|Any CPU
		{BF8B8999-9ABB-4F4D-BD85-2D3B3B035189}.Debug|x86.ActiveCfg = Debug|Any CPU
		{BF8B8999-9ABB-4F4D-BD85-2D3B3B035189}.Debug|x86.Build.0 = Debug|Any CPU
		{BF8B8999-9ABB-4F4D-BD85-2D3B3B035189}.Release|Any CPU.ActiveCfg = Release|Any CPU
		{BF8B8999-9ABB-4F4D-BD85-2D3B3B035189}.Release|Any CPU.Build.0 = Release|Any CPU
		{BF8B8999-9ABB-4F4D-BD85-2D3B3B035189}.Release|x64.ActiveCfg = Release|Any CPU
		{BF8B8999-9ABB-4F4D-BD85-2D3B3B035189}.Release|x64.Build.0 = Release|Any CPU
		{BF8B8999-9ABB-4F4D-BD85-2D3B3B035189}.Release|x86.ActiveCfg = Release|Any CPU
		{BF8B8999-9ABB-4F4D-BD85-2D3B3B035189}.Release|x86.Build.0 = Release|Any CPU
	EndGlobalSection
	GlobalSection(SolutionProperties) = preSolution
		HideSolutionNode = FALSE
	EndGlobalSection
	GlobalSection(ExtensibilityGlobals) = postSolution
		SolutionGuid = {57621C82-8209-4E8F-820B-F69B0520C3EB}
	EndGlobalSection
EndGlobal
